lockfileVersion: '9.0'

settings:
  autoInstallPeers: true
  excludeLinksFromLockfile: false

importers:

  .:
    devDependencies:
      node:
        specifier: runtime:^24.0.0
        version: runtime:24.15.0

packages:

  node@runtime:24.15.0:
    resolution:
      type: variations
      variants:
        - resolution:
            archive: tarball
            bin:
              node: bin/node
            integrity: sha256-3UvHfctfTJoslkNzm7WTUAzLCUE+xCyqD47w5e8RYJU=
            type: binary
            url: https://nodejs.org/download/release/v24.15.0/node-v24.15.0-aix-ppc64.tar.gz
          targets:
            - cpu: ppc64
              os: aix
        - resolution:
            archive: tarball
            bin:
              node: bin/node
            integrity: sha256-NyMxuWl3mrXRW5SYhPxur4jVr+h73ouogdZAC5EA/8Q=
            type: binary
            url: https://nodejs.org/download/release/v24.15.0/node-v24.15.0-darwin-arm64.tar.gz
          targets:
            - cpu: arm64
              os: darwin
        - resolution:
            archive: tarball
            bin:
              node: bin/node
            integrity: sha256-/9XuKTRnkn8+5zGlU+uI/R9Iz3TuvC10prq+SvIoZzs=
            type: binary
            url: https://nodejs.org/download/release/v24.15.0/node-v24.15.0-darwin-x64.tar.gz
          targets:
            - cpu: x64
              os: darwin
        - resolution:
            archive: tarball
            bin:
              node: bin/node
            integrity: sha256-c6/CNNVYwkkZh19RwtHqACoq2k6m+DYBo4OGn++mTu0=
            type: binary
            url: https://nodejs.org/download/release/v24.15.0/node-v24.15.0-linux-arm64.tar.gz
          targets:
            - cpu: arm64
              os: linux
        - resolution:
            archive: tarball
            bin:
              node: bin/node
            integrity: sha256-sfiJAKSxY2XqulYmkwT8Edp1gdvwNVLUSV+azh/AX20=
            type: binary
            url: https://nodejs.org/download/release/v24.15.0/node-v24.15.0-linux-ppc64le.tar.gz
          targets:
            - cpu: ppc64le
              os: linux
        - resolution:
            archive: tarball
            bin:
              node: bin/node
            integrity: sha256-+YVFVDnVL+m43mqPbQe/7MxzbepSfofqyv5ajXUWo4A=
            type: binary
            url: https://nodejs.org/download/release/v24.15.0/node-v24.15.0-linux-s390x.tar.gz
          targets:
            - cpu: s390x
              os: linux
        - resolution:
            archive: tarball
            bin:
              node: bin/node
            integrity: sha256-RINoctmuxJ8ea1KpqSKHLbmisC0jWmFqVoG2qF/sjYk=
            type: binary
            url: https://nodejs.org/download/release/v24.15.0/node-v24.15.0-linux-x64.tar.gz
          targets:
            - cpu: x64
              os: linux
        - resolution:
            archive: zip
            bin:
              node: node.exe
            integrity: sha256-yet0Au2ibiun5EtnJ/yFqN5WxQlbH3Hr0wYokiEaoRY=
            prefix: node-v24.15.0-win-arm64
            type: binary
            url: https://nodejs.org/download/release/v24.15.0/node-v24.15.0-win-arm64.zip
          targets:
            - cpu: arm64
              os: win32
        - resolution:
            archive: zip
            bin:
              node: node.exe
            integrity: sha256-zFFJ6r1Td5zh573FQBZDYi0MfmgAreGJKKdn6UC7DmI=
            prefix: node-v24.15.0-win-x64
            type: binary
            url: https://nodejs.org/download/release/v24.15.0/node-v24.15.0-win-x64.zip
          targets:
            - cpu: x64
              os: win32
        - resolution:
            archive: tarball
            bin:
              node: bin/node
            integrity: sha256-MemKqWCgZ9qR7f/V2TvEZle10qgClhLDWfXyrABgFSo=
            type: binary
            url: https://unofficial-builds.nodejs.org/download/release/v24.15.0/node-v24.15.0-linux-arm64-musl.tar.gz
          targets:
            - cpu: arm64
              os: linux
              libc: musl
        - resolution:
            archive: tarball
            bin:
              node: bin/node
            integrity: sha256-9Vr1vUicU0exE8pllMrgClSzC6V6xYdTJDEb/G9HYuM=
            type: binary
            url: https://unofficial-builds.nodejs.org/download/release/v24.15.0/node-v24.15.0-linux-x64-musl.tar.gz
          targets:
            - cpu: x64
              os: linux
              libc: musl
    version: 24.15.0
    hasBin: true

snapshots:

  node@runtime:24.15.0: {}
