lockfileVersion: '9.0'

settings:
  autoInstallPeers: true
  excludeLinksFromLockfile: false

importers:

  .:
    devDependencies:
      fixme:
        specifier: 0.7.0
        version: 0.7.0
      node:
        specifier: runtime:^24.0.0
        version: runtime:24.15.0
      rimraf:
        specifier: 6.1.3
        version: 6.1.3

  app/root: {}

packages:

  ansi-styles@4.3.0:
    resolution: {integrity: sha512-zbB9rCJAT1rbjiVDb2hqKFHNYLxgtk8NURxZ3IZwD3F6NtxbXZQCnnSi1Lkx+IDohdPlFp222wVALIheZJQSEg==}
    engines: {node: '>=8'}

  balanced-match@1.0.2:
    resolution: {integrity: sha512-3oSeUO0TMV67hN1AmbXsK4yaqU7tjiHlbxRDZOpH0KW9+CeX4bRAaX0Anxt0tx2MrpRpWwQaPwIlISEJhYU5Pw==}

  balanced-match@4.0.4:
    resolution: {integrity: sha512-BLrgEcRTwX2o6gGxGOCNyMvGSp35YofuYzw9h1IMTRmKqttAZZVU67bdb9Pr2vUHA8+j3i2tJfjO6C6+4myGTA==}
    engines: {node: 18 || 20 || >=22}

  brace-expansion@1.1.14:
    resolution: {integrity: sha512-MWPGfDxnyzKU7rNOW9SP/c50vi3xrmrua/+6hfPbCS2ABNWfx24vPidzvC7krjU/RTo235sV776ymlsMtGKj8g==}

  brace-expansion@5.0.6:
    resolution: {integrity: sha512-kLpxurY4Z4r9sgMsyG0Z9uzsBlgiU/EFKhj/h91/8yHu0edo7XuixOIH3VcJ8kkxs6/jPzoI6U9Vj3WqbMQ94g==}
    engines: {node: 18 || 20 || >=22}

  byline@5.0.0:
    resolution: {integrity: sha512-s6webAy+R4SR8XVuJWt2V2rGvhnrhxN+9S15GNuTK3wKPOXFF6RNc+8ug2XhH+2s4f+uudG4kUVYmYOQWL2g0Q==}
    engines: {node: '>=0.10.0'}

  chalk@4.0.0:
    resolution: {integrity: sha512-N9oWFcegS0sFr9oh1oz2d7Npos6vNoWW9HvtCg5N1KRFpUhaAhvTv5Y58g880fZaEYSNm3qDz8SU1UrGvp+n7A==}
    engines: {node: '>=10'}

  color-convert@2.0.1:
    resolution: {integrity: sha512-RRECPsj7iu/xb5oKYcsFHSppFNnsj/52OVTRKb4zP5onXwVF3zVmmToNcOfGC+CRDpfK/U584fMg38ZHCaElKQ==}
    engines: {node: '>=7.0.0'}

  color-name@1.1.4:
    resolution: {integrity: sha512-dOy+3AuW3a2wNbZHIuMZpTcgjGuLU/uBL/ubcZF9OXbDo8ff4O8yVp5Bf0efS8uEoYo5q4Fx7dY9OgQGXgAsQA==}

  concat-map@0.0.1:
    resolution: {integrity: sha512-/Srv4dswyQNBfohGpz9o6Yb3Gz3SrUDqBH5rTuhGR7ahtlbYKnVxw2bCFMRljaA7EXHaXZ8wsHdodFvbkhKmqg==}

  duplexer@0.1.2:
    resolution: {integrity: sha512-jtD6YG370ZCIi/9GTaJKQxWTZD045+4R4hTk/x1UyoqadyJ9x9CgSi1RlVDQF8U2sxLLSnFkCaMihqljHIWgMg==}

  event-stream@4.0.1:
    resolution: {integrity: sha512-qACXdu/9VHPBzcyhdOWR5/IahhGMf0roTeZJfzz077GwylcDd90yOHLouhmv7GJ5XzPi6ekaQWd8AvPP2nOvpA==}

  fixme@0.7.0:
    resolution: {integrity: sha512-09lBuyQ4xh8BfN4KBIeIQ8JRv91D7ww8cbZE8BUmOek1nNTci2ujFNv35z98GPvnD8cRCzniCSmjbVrMCdUUEw==}
    engines: {node: '>= v0.10.26'}
    hasBin: true

  from@0.1.7:
    resolution: {integrity: sha512-twe20eF1OxVxp/ML/kq2p1uc6KvFK/+vs8WjEbeKmV2He22MKm7YF2ANIt+EOqhJ5L3K/SuuPhk0hWQDjOM23g==}

  glob@13.0.6:
    resolution: {integrity: sha512-Wjlyrolmm8uDpm/ogGyXZXb1Z+Ca2B8NbJwqBVg0axK9GbBeoS7yGV6vjXnYdGm6X53iehEuxxbyiKp8QmN4Vw==}
    engines: {node: 18 || 20 || >=22}

  has-flag@4.0.0:
    resolution: {integrity: sha512-EykJT/Q1KjTWctppgIAgfSO0tKVuZUjhgMr17kqTumMl6Afv3EISleU7qZUzoXDFTAHTDC4NOoG/ZxU3EvlMPQ==}
    engines: {node: '>=8'}

  isbinaryfile@4.0.6:
    resolution: {integrity: sha512-ORrEy+SNVqUhrCaal4hA4fBzhggQQ+BaLntyPOdoEiwlKZW9BZiJXjg3RMiruE4tPEI3pyVPpySHQF/dKWperg==}
    engines: {node: '>= 8.0.0'}

  lru-cache@11.3.6:
    resolution: {integrity: sha512-Gf/KoL3C/MlI7Bt0PGI9I+TeTC/I6r/csU58N4BSNc4lppLBeKsOdFYkK+dX0ABDUMJNfCHTyPpzwwO21Awd3A==}
    engines: {node: 20 || >=22}

  map-stream@0.0.7:
    resolution: {integrity: sha512-C0X0KQmGm3N2ftbTGBhSyuydQ+vV1LC3f3zPvT3RXHXNZrvfPZcoXp/N5DOa8vedX/rTMm2CjTtivFg2STJMRQ==}

  minimatch@10.2.5:
    resolution: {integrity: sha512-MULkVLfKGYDFYejP07QOurDLLQpcjk7Fw+7jXS2R2czRQzR56yHRveU5NDJEOviH+hETZKSkIk5c+T23GjFUMg==}
    engines: {node: 18 || 20 || >=22}

  minimatch@3.0.5:
    resolution: {integrity: sha512-tUpxzX0VAzJHjLu0xUfFv1gwVp9ba3IOuRAVH2EGuRW8a5emA2FlACLqiT/lDVtS1W+TGNwqz3sWaNyLgDJWuw==}

  minimist@1.2.6:
    resolution: {integrity: sha512-Jsjnk4bw3YJqYzbdyBiNsPWHPfO++UGG749Cxs6peCu5Xg4nrena6OVxOYxrQTqww0Jmwt+Ref8rggumkTLz9Q==}

  minipass@7.1.3:
    resolution: {integrity: sha512-tEBHqDnIoM/1rXME1zgka9g6Q2lcoCkxHLuc7ODJ5BxbP5d4c2Z5cGgtXAku59200Cx7diuHTOYfSBD8n6mm8A==}
    engines: {node: '>=16 || 14 >=14.17'}

  node@runtime:24.15.0:
    resolution:
      type: variations
      variants:
        - resolution:
            archive: tarball
            bin:
              node: bin/node
            integrity: sha256-3UvHfctfTJoslkNzm7WTUAzLCUE+xCyqD47w5e8RYJU=
            type: binary
            url: https://nodejs.org/download/release/v24.15.0/node-v24.15.0-aix-ppc64.tar.gz
          targets:
            - cpu: ppc64
              os: aix
        - resolution:
            archive: tarball
            bin:
              node: bin/node
            integrity: sha256-NyMxuWl3mrXRW5SYhPxur4jVr+h73ouogdZAC5EA/8Q=
            type: binary
            url: https://nodejs.org/download/release/v24.15.0/node-v24.15.0-darwin-arm64.tar.gz
          targets:
            - cpu: arm64
              os: darwin
        - resolution:
            archive: tarball
            bin:
              node: bin/node
            integrity: sha256-/9XuKTRnkn8+5zGlU+uI/R9Iz3TuvC10prq+SvIoZzs=
            type: binary
            url: https://nodejs.org/download/release/v24.15.0/node-v24.15.0-darwin-x64.tar.gz
          targets:
            - cpu: x64
              os: darwin
        - resolution:
            archive: tarball
            bin:
              node: bin/node
            integrity: sha256-c6/CNNVYwkkZh19RwtHqACoq2k6m+DYBo4OGn++mTu0=
            type: binary
            url: https://nodejs.org/download/release/v24.15.0/node-v24.15.0-linux-arm64.tar.gz
          targets:
            - cpu: arm64
              os: linux
        - resolution:
            archive: tarball
            bin:
              node: bin/node
            integrity: sha256-sfiJAKSxY2XqulYmkwT8Edp1gdvwNVLUSV+azh/AX20=
            type: binary
            url: https://nodejs.org/download/release/v24.15.0/node-v24.15.0-linux-ppc64le.tar.gz
          targets:
            - cpu: ppc64le
              os: linux
        - resolution:
            archive: tarball
            bin:
              node: bin/node
            integrity: sha256-+YVFVDnVL+m43mqPbQe/7MxzbepSfofqyv5ajXUWo4A=
            type: binary
            url: https://nodejs.org/download/release/v24.15.0/node-v24.15.0-linux-s390x.tar.gz
          targets:
            - cpu: s390x
              os: linux
        - resolution:
            archive: tarball
            bin:
              node: bin/node
            integrity: sha256-RINoctmuxJ8ea1KpqSKHLbmisC0jWmFqVoG2qF/sjYk=
            type: binary
            url: https://nodejs.org/download/release/v24.15.0/node-v24.15.0-linux-x64.tar.gz
          targets:
            - cpu: x64
              os: linux
        - resolution:
            archive: zip
            bin:
              node: node.exe
            integrity: sha256-yet0Au2ibiun5EtnJ/yFqN5WxQlbH3Hr0wYokiEaoRY=
            prefix: node-v24.15.0-win-arm64
            type: binary
            url: https://nodejs.org/download/release/v24.15.0/node-v24.15.0-win-arm64.zip
          targets:
            - cpu: arm64
              os: win32
        - resolution:
            archive: zip
            bin:
              node: node.exe
            integrity: sha256-zFFJ6r1Td5zh573FQBZDYi0MfmgAreGJKKdn6UC7DmI=
            prefix: node-v24.15.0-win-x64
            type: binary
            url: https://nodejs.org/download/release/v24.15.0/node-v24.15.0-win-x64.zip
          targets:
            - cpu: x64
              os: win32
        - resolution:
            archive: tarball
            bin:
              node: bin/node
            integrity: sha256-MemKqWCgZ9qR7f/V2TvEZle10qgClhLDWfXyrABgFSo=
            type: binary
            url: https://unofficial-builds.nodejs.org/download/release/v24.15.0/node-v24.15.0-linux-arm64-musl.tar.gz
          targets:
            - cpu: arm64
              os: linux
              libc: musl
        - resolution:
            archive: tarball
            bin:
              node: bin/node
            integrity: sha256-9Vr1vUicU0exE8pllMrgClSzC6V6xYdTJDEb/G9HYuM=
            type: binary
            url: https://unofficial-builds.nodejs.org/download/release/v24.15.0/node-v24.15.0-linux-x64-musl.tar.gz
          targets:
            - cpu: x64
              os: linux
              libc: musl
    version: 24.15.0
    hasBin: true

  package-json-from-dist@1.0.1:
    resolution: {integrity: sha512-UEZIS3/by4OC8vL3P2dTXRETpebLI2NiI5vIrjaD/5UtrkFX/tNbwjTSRAGC/+7CAo2pIcBaRgWmcBBHcsaCIw==}

  path-scurry@2.0.2:
    resolution: {integrity: sha512-3O/iVVsJAPsOnpwWIeD+d6z/7PmqApyQePUtCndjatj/9I5LylHvt5qluFaBT3I5h3r1ejfR056c+FCv+NnNXg==}
    engines: {node: 18 || 20 || >=22}

  pause-stream@0.0.11:
    resolution: {integrity: sha512-e3FBlXLmN/D1S+zHzanP4E/4Z60oFAa3O051qt1pxa7DEJWKAyil6upYVXCWadEnuoqa4Pkc9oUx9zsxYeRv8A==}

  picomatch@2.3.2:
    resolution: {integrity: sha512-V7+vQEJ06Z+c5tSye8S+nHUfI51xoXIXjHQ99cQtKUkQqqO1kO/KCJUfZXuB47h/YBlDhah2H3hdUGXn8ie0oA==}
    engines: {node: '>=8.6'}

  readdirp@3.4.0:
    resolution: {integrity: sha512-0xe001vZBnJEK+uKcj8qOhyAKPzIT+gStxWr3LCB0DwcXR5NZJ3IaC+yGnHCYzB/S7ov3m3EEbZI2zeNvX+hGQ==}
    engines: {node: '>=8.10.0'}

  rimraf@6.1.3:
    resolution: {integrity: sha512-LKg+Cr2ZF61fkcaK1UdkH2yEBBKnYjTyWzTJT6KNPcSPaiT7HSdhtMXQuN5wkTX0Xu72KQ1l8S42rlmexS2hSA==}
    engines: {node: 20 || >=22}
    hasBin: true

  split@1.0.1:
    resolution: {integrity: sha512-mTyOoPbrivtXnwnIxZRFYRrPNtEFKlpB2fvjSnCQUiAA6qAZzqwna5envK4uk6OIeP17CsdF3rSBGYVBsU0Tkg==}

  stream-combiner@0.2.2:
    resolution: {integrity: sha512-6yHMqgLYDzQDcAkL+tjJDC5nSNuNIx0vZtRZeiPh7Saef7VHX9H5Ijn9l2VIol2zaNYlYEX6KyuT/237A58qEQ==}

  supports-color@7.2.0:
    resolution: {integrity: sha512-qpCAvRl9stuOHveKsn7HncJRvv501qIacKzQlO/+Lwxc9+0q2wLyv4Dfvt80/DPn2pqOBsJdDiogXGR9+OvwRw==}
    engines: {node: '>=8'}

  through@2.3.8:
    resolution: {integrity: sha512-w89qg7PI8wAdvX60bMDP+bFoD5Dvhm9oLheFp5O4a2QF0cSBGsBX4qZmadPMvVqlLJBBci+WqGGOAPvcDeNSVg==}

snapshots:

  ansi-styles@4.3.0:
    dependencies:
      color-convert: 2.0.1

  balanced-match@1.0.2: {}

  balanced-match@4.0.4: {}

  brace-expansion@1.1.14:
    dependencies:
      balanced-match: 1.0.2
      concat-map: 0.0.1

  brace-expansion@5.0.6:
    dependencies:
      balanced-match: 4.0.4

  byline@5.0.0: {}

  chalk@4.0.0:
    dependencies:
      ansi-styles: 4.3.0
      supports-color: 7.2.0

  color-convert@2.0.1:
    dependencies:
      color-name: 1.1.4

  color-name@1.1.4: {}

  concat-map@0.0.1: {}

  duplexer@0.1.2: {}

  event-stream@4.0.1:
    dependencies:
      duplexer: 0.1.2
      from: 0.1.7
      map-stream: 0.0.7
      pause-stream: 0.0.11
      split: 1.0.1
      stream-combiner: 0.2.2
      through: 2.3.8

  fixme@0.7.0:
    dependencies:
      byline: 5.0.0
      chalk: 4.0.0
      event-stream: 4.0.1
      isbinaryfile: 4.0.6
      minimatch: 3.0.5
      minimist: 1.2.6
      readdirp: 3.4.0

  from@0.1.7: {}

  glob@13.0.6:
    dependencies:
      minimatch: 10.2.5
      minipass: 7.1.3
      path-scurry: 2.0.2

  has-flag@4.0.0: {}

  isbinaryfile@4.0.6: {}

  lru-cache@11.3.6: {}

  map-stream@0.0.7: {}

  minimatch@10.2.5:
    dependencies:
      brace-expansion: 5.0.6

  minimatch@3.0.5:
    dependencies:
      brace-expansion: 1.1.14

  minimist@1.2.6: {}

  minipass@7.1.3: {}

  node@runtime:24.15.0: {}

  package-json-from-dist@1.0.1: {}

  path-scurry@2.0.2:
    dependencies:
      lru-cache: 11.3.6
      minipass: 7.1.3

  pause-stream@0.0.11:
    dependencies:
      through: 2.3.8

  picomatch@2.3.2: {}

  readdirp@3.4.0:
    dependencies:
      picomatch: 2.3.2

  rimraf@6.1.3:
    dependencies:
      glob: 13.0.6
      package-json-from-dist: 1.0.1

  split@1.0.1:
    dependencies:
      through: 2.3.8

  stream-combiner@0.2.2:
    dependencies:
      duplexer: 0.1.2
      through: 2.3.8

  supports-color@7.2.0:
    dependencies:
      has-flag: 4.0.0

  through@2.3.8: {}
